
Microsoft Visual Studio Solution File, Format Version 12.00
# Blend for Visual Studio Version 17
VisualStudioVersion = 17.7.34202.233
MinimumVisualStudioVersion = 10.0.40219.1
Project("{FAE04EC0-301F-11D3-BF4B-00C04F79EFBC}") = "TrafficInterface", "TrafficInterface\TrafficInterface.csproj", "{50D6AC7F-ECAC-4DE8-A7E0-33CF8B6E5EDB}"
EndProject
Global
	GlobalSection(SolutionConfigurationPlatforms) = preSolution
		Debug|Any CPU = Debug|Any CPU
		Release|Any CPU = Release|Any CPU
	EndGlobalSection
	GlobalSection(ProjectConfigurationPlatforms) = postSolution
		{50D6AC7F-ECAC-4DE8-A7E0-33CF8B6E5EDB}.Debug|Any CPU.ActiveCfg = Debug|Any CPU
		{50D6AC7F-ECAC-4DE8-A7E0-33CF8B6E5EDB}.Debug|Any CPU.Build.0 = Debug|Any CPU
		{50D6AC7F-ECAC-4DE8-A7E0-33CF8B6E5EDB}.Release|Any CPU.ActiveCfg = Release|Any CPU
		{50D6AC7F-ECAC-4DE8-A7E0-33CF8B6E5EDB}.Release|Any CPU.Build.0 = Release|Any CPU
	EndGlobalSection
	GlobalSection(SolutionProperties) = preSolution
		HideSolutionNode = FALSE
	EndGlobalSection
	GlobalSection(ExtensibilityGlobals) = postSolution
		SolutionGuid = {86A68E17-0ED0-48FF-86F0-EBEC5579098D}
	EndGlobalSection
EndGlobal
